
Microsoft Visual Studio Solution File, Format Version 12.00
# Visual Studio Version 17
VisualStudioVersion = 17.4.33213.308
MinimumVisualStudioVersion = 10.0.40219.1
Project("{FAE04EC0-301F-11D3-BF4B-00C04F79EFBC}") = "MVC_Core_07", "MVC_Core_07\MVC_Core_07.csproj", "{6B0E8479-DFAF-4AA9-88ED-03A3FDB7927B}"
EndProject
Global
	GlobalSection(SolutionConfigurationPlatforms) = preSolution
		Debug|Any CPU = Debug|Any CPU
		Release|Any CPU = Release|Any CPU
	EndGlobalSection
	GlobalSection(ProjectConfigurationPlatforms) = postSolution
		{6B0E8479-DFAF-4AA9-88ED-03A3FDB7927B}.Debug|Any CPU.ActiveCfg = Debug|Any CPU
		{6B0E8479-DFAF-4AA9-88ED-03A3FDB7927B}.Debug|Any CPU.Build.0 = Debug|Any CPU
		{6B0E8479-DFAF-4AA9-88ED-03A3FDB7927B}.Release|Any CPU.ActiveCfg = Release|Any CPU
		{6B0E8479-DFAF-4AA9-88ED-03A3FDB7927B}.Release|Any CPU.Build.0 = Release|Any CPU
	EndGlobalSection
	GlobalSection(SolutionProperties) = preSolution
		HideSolutionNode = FALSE
	EndGlobalSection
	GlobalSection(ExtensibilityGlobals) = postSolution
		SolutionGuid = {C0F7AD02-9AB1-4136-A26E-60A6CD686232}
	EndGlobalSection
EndGlobal
